// !$*UTF8*$!
{
	archiveVersion = 1;
	classes = {
	};
	objectVersion = 46;
	objects = {

/* Begin PBXBuildFile section */
		0D8AD1771E10E432008D5CCB /* main.m in Sources */ = {isa = PBXBuildFile; fileRef = 0D8AD1761E10E432008D5CCB /* main.m */; };
		0D8AD17A1E10E432008D5CCB /* AppDelegate.m in Sources */ = {isa = PBXBuildFile; fileRef = 0D8AD1791E10E432008D5CCB /* AppDelegate.m */; };
		0D8AD17D1E10E432008D5CCB /* ViewController.m in Sources */ = {isa = PBXBuildFile; fileRef = 0D8AD17C1E10E432008D5CCB /* ViewController.m */; };
		0D8AD1801E10E432008D5CCB /* Main.storyboard in Resources */ = {isa = PBXBuildFile; fileRef = 0D8AD17E1E10E432008D5CCB /* Main.storyboard */; };
		0D8AD1821E10E432008D5CCB /* Assets.xcassets in Resources */ = {isa = PBXBuildFile; fileRef = 0D8AD1811E10E432008D5CCB /* Assets.xcassets */; };
		0D8AD1851E10E433008D5CCB /* LaunchScreen.storyboard in Resources */ = {isa = PBXBuildFile; fileRef = 0D8AD1831E10E433008D5CCB /* LaunchScreen.storyboard */; };
		0D8AD1901E10E433008D5CCB /* FlickrDemoTests.m in Sources */ = {isa = PBXBuildFile; fileRef = 0D8AD18F1E10E433008D5CCB /* FlickrDemoTests.m */; };
		0D8AD19B1E10E433008D5CCB /* FlickrDemoUITests.m in Sources */ = {isa = PBXBuildFile; fileRef = 0D8AD19A1E10E433008D5CCB /* FlickrDemoUITests.m */; };
		0D8AD1AA1E10E4A8008D5CCB /* ApiClient.m in Sources */ = {isa = PBXBuildFile; fileRef = 0D8AD1A91E10E4A8008D5CCB /* ApiClient.m */; };
		0D8AD1AE1E10E50C008D5CCB /* FlickrNetworkService.m in Sources */ = {isa = PBXBuildFile; fileRef = 0D8AD1AD1E10E50C008D5CCB /* FlickrNetworkService.m */; };
		0D8AD1B51E10EECF008D5CCB /* FlickrImage.m in Sources */ = {isa = PBXBuildFile; fileRef = 0D8AD1B41E10EECF008D5CCB /* FlickrImage.m */; };
		0D8AD1B81E10F322008D5CCB /* FlickrImageParser.m in Sources */ = {isa = PBXBuildFile; fileRef = 0D8AD1B71E10F322008D5CCB /* FlickrImageParser.m */; };
		0D8AD1BF1E10F7FA008D5CCB /* Utils.m in Sources */ = {isa = PBXBuildFile; fileRef = 0D8AD1BE1E10F7FA008D5CCB /* Utils.m */; };
		0DFC96EC1E11EC6D001EFDAD /* ImageCell.m in Sources */ = {isa = PBXBuildFile; fileRef = 0DFC96EB1E11EC6D001EFDAD /* ImageCell.m */; };
		0DFC96FA1E121603001EFDAD /* PhotosViewModel.m in Sources */ = {isa = PBXBuildFile; fileRef = 0DFC96F91E121603001EFDAD /* PhotosViewModel.m */; };
		0DFC96FE1E122171001EFDAD /* MessageManager.m in Sources */ = {isa = PBXBuildFile; fileRef = 0DFC96FD1E122171001EFDAD /* MessageManager.m */; };
		0DFC97011E1221CA001EFDAD /* UIViewController+Navigations.m in Sources */ = {isa = PBXBuildFile; fileRef = 0DFC97001E1221CA001EFDAD /* UIViewController+Navigations.m */; };
		0DFC97091E122439001EFDAD /* DemoConstants.m in Sources */ = {isa = PBXBuildFile; fileRef = 0DFC97081E122439001EFDAD /* DemoConstants.m */; };
		49D116AB5AEE6331D4C9409B /* Pods_FlickrDemo.framework in Frameworks */ = {isa = PBXBuildFile; fileRef = F8297A017918F3634F27686F /* Pods_FlickrDemo.framework */; };
		A7B9A9DD3147CC7095C82F26 /* Pods_FlickrDemoTests.framework in Frameworks */ = {isa = PBXBuildFile; fileRef = 40165AD03C992FCC3B7FCB48 /* Pods_FlickrDemoTests.framework */; };
/* End PBXBuildFile section */

/* Begin PBXContainerItemProxy section */
		0D8AD18C1E10E433008D5CCB /* PBXContainerItemProxy */ = {
			isa = PBXContainerItemProxy;
			containerPortal = 0D8AD16A1E10E432008D5CCB /* Project object */;
			proxyType = 1;
			remoteGlobalIDString = 0D8AD1711E10E432008D5CCB;
			remoteInfo = FlickrDemo;
		};
		0D8AD1971E10E433008D5CCB /* PBXContainerItemProxy */ = {
			isa = PBXContainerItemProxy;
			containerPortal = 0D8AD16A1E10E432008D5CCB /* Project object */;
			proxyType = 1;
			remoteGlobalIDString = 0D8AD1711E10E432008D5CCB;
			remoteInfo = FlickrDemo;
		};
/* End PBXContainerItemProxy section */

/* Begin PBXFileReference section */
		0D8AD1721E10E432008D5CCB /* FlickrDemo.app */ = {isa = PBXFileReference; explicitFileType = wrapper.application; includeInIndex = 0; path = FlickrDemo.app; sourceTree = BUILT_PRODUCTS_DIR; };
		0D8AD1761E10E432008D5CCB /* main.m */ = {isa = PBXFileReference; lastKnownFileType = sourcecode.c.objc; path = main.m; sourceTree = "<group>"; };
		0D8AD1781E10E432008D5CCB /* AppDelegate.h */ = {isa = PBXFileReference; lastKnownFileType = sourcecode.c.h; path = AppDelegate.h; sourceTree = "<group>"; };
		0D8AD1791E10E432008D5CCB /* AppDelegate.m */ = {isa = PBXFileReference; lastKnownFileType = sourcecode.c.objc; path = AppDelegate.m; sourceTree = "<group>"; };
		0D8AD17B1E10E432008D5CCB /* ViewController.h */ = {isa = PBXFileReference; lastKnownFileType = sourcecode.c.h; path = ViewController.h; sourceTree = "<group>"; };
		0D8AD17C1E10E432008D5CCB /* ViewController.m */ = {isa = PBXFileReference; lastKnownFileType = sourcecode.c.objc; path = ViewController.m; sourceTree = "<group>"; };
		0D8AD17F1E10E432008D5CCB /* Base */ = {isa = PBXFileReference; lastKnownFileType = file.storyboard; name = Base; path = Base.lproj/Main.storyboard; sourceTree = "<group>"; };
		0D8AD1811E10E432008D5CCB /* Assets.xcassets */ = {isa = PBXFileReference; lastKnownFileType = folder.assetcatalog; path = Assets.xcassets; sourceTree = "<group>"; };
		0D8AD1841E10E433008D5CCB /* Base */ = {isa = PBXFileReference; lastKnownFileType = file.storyboard; name = Base; path = Base.lproj/LaunchScreen.storyboard; sourceTree = "<group>"; };
		0D8AD1861E10E433008D5CCB /* Info.plist */ = {isa = PBXFileReference; lastKnownFileType = text.plist.xml; path = Info.plist; sourceTree = "<group>"; };
		0D8AD18B1E10E433008D5CCB /* FlickrDemoTests.xctest */ = {isa = PBXFileReference; explicitFileType = wrapper.cfbundle; includeInIndex = 0; path = FlickrDemoTests.xctest; sourceTree = BUILT_PRODUCTS_DIR; };
		0D8AD18F1E10E433008D5CCB /* FlickrDemoTests.m */ = {isa = PBXFileReference; lastKnownFileType = sourcecode.c.objc; path = FlickrDemoTests.m; sourceTree = "<group>"; };
		0D8AD1911E10E433008D5CCB /* Info.plist */ = {isa = PBXFileReference; lastKnownFileType = text.plist.xml; path = Info.plist; sourceTree = "<group>"; };
		0D8AD1961E10E433008D5CCB /* FlickrDemoUITests.xctest */ = {isa = PBXFileReference; explicitFileType = wrapper.cfbundle; includeInIndex = 0; path = FlickrDemoUITests.xctest; sourceTree = BUILT_PRODUCTS_DIR; };
		0D8AD19A1E10E433008D5CCB /* FlickrDemoUITests.m */ = {isa = PBXFileReference; lastKnownFileType = sourcecode.c.objc; path = FlickrDemoUITests.m; sourceTree = "<group>"; };
		0D8AD19C1E10E433008D5CCB /* Info.plist */ = {isa = PBXFileReference; lastKnownFileType = text.plist.xml; path = Info.plist; sourceTree = "<group>"; };
		0D8AD1A81E10E4A8008D5CCB /* ApiClient.h */ = {isa = PBXFileReference; fileEncoding = 4; lastKnownFileType = sourcecode.c.h; name = ApiClient.h; path = Managers/Network/ApiClient.h; sourceTree = "<group>"; };
		0D8AD1A91E10E4A8008D5CCB /* ApiClient.m */ = {isa = PBXFileReference; fileEncoding = 4; lastKnownFileType = sourcecode.c.objc; name = ApiClient.m; path = Managers/Network/ApiClient.m; sourceTree = "<group>"; };
		0D8AD1AC1E10E50C008D5CCB /* FlickrNetworkService.h */ = {isa = PBXFileReference; fileEncoding = 4; lastKnownFileType = sourcecode.c.h; name = FlickrNetworkService.h; path = Managers/Network/FlickrNetworkService.h; sourceTree = "<group>"; };
		0D8AD1AD1E10E50C008D5CCB /* FlickrNetworkService.m */ = {isa = PBXFileReference; fileEncoding = 4; lastKnownFileType = sourcecode.c.objc; name = FlickrNetworkService.m; path = Managers/Network/FlickrNetworkService.m; sourceTree = "<group>"; };
		0D8AD1B31E10EECF008D5CCB /* FlickrImage.h */ = {isa = PBXFileReference; fileEncoding = 4; lastKnownFileType = sourcecode.c.h; name = FlickrImage.h; path = Models/FlickrImage.h; sourceTree = "<group>"; };
		0D8AD1B41E10EECF008D5CCB /* FlickrImage.m */ = {isa = PBXFileReference; fileEncoding = 4; lastKnownFileType = sourcecode.c.objc; name = FlickrImage.m; path = Models/FlickrImage.m; sourceTree = "<group>"; };
		0D8AD1B61E10F322008D5CCB /* FlickrImageParser.h */ = {isa = PBXFileReference; fileEncoding = 4; lastKnownFileType = sourcecode.c.h; name = FlickrImageParser.h; path = Managers/Network/FlickrImageParser.h; sourceTree = "<group>"; };
		0D8AD1B71E10F322008D5CCB /* FlickrImageParser.m */ = {isa = PBXFileReference; fileEncoding = 4; lastKnownFileType = sourcecode.c.objc; name = FlickrImageParser.m; path = Managers/Network/FlickrImageParser.m; sourceTree = "<group>"; };
		0D8AD1BD1E10F7FA008D5CCB /* Utils.h */ = {isa = PBXFileReference; fileEncoding = 4; lastKnownFileType = sourcecode.c.h; name = Utils.h; path = Helpers/Utils.h; sourceTree = "<group>"; };
		0D8AD1BE1E10F7FA008D5CCB /* Utils.m */ = {isa = PBXFileReference; fileEncoding = 4; lastKnownFileType = sourcecode.c.objc; name = Utils.m; path = Helpers/Utils.m; sourceTree = "<group>"; };
		0DFC96EA1E11EC6D001EFDAD /* ImageCell.h */ = {isa = PBXFileReference; fileEncoding = 4; lastKnownFileType = sourcecode.c.h; name = ImageCell.h; path = Views/ImageCell.h; sourceTree = "<group>"; };
		0DFC96EB1E11EC6D001EFDAD /* ImageCell.m */ = {isa = PBXFileReference; fileEncoding = 4; lastKnownFileType = sourcecode.c.objc; name = ImageCell.m; path = Views/ImageCell.m; sourceTree = "<group>"; };
		0DFC96EF1E11FE02001EFDAD /* FlickrNetworkServiceProtocol.h */ = {isa = PBXFileReference; fileEncoding = 4; lastKnownFileType = sourcecode.c.h; name = FlickrNetworkServiceProtocol.h; path = Managers/Network/FlickrNetworkServiceProtocol.h; sourceTree = "<group>"; };
		0DFC96F01E1203EB001EFDAD /* ApiClientProtocol.h */ = {isa = PBXFileReference; fileEncoding = 4; lastKnownFileType = sourcecode.c.h; name = ApiClientProtocol.h; path = Managers/Network/ApiClientProtocol.h; sourceTree = "<group>"; };
		0DFC96F81E121603001EFDAD /* PhotosViewModel.h */ = {isa = PBXFileReference; fileEncoding = 4; lastKnownFileType = sourcecode.c.h; name = PhotosViewModel.h; path = ViewModels/PhotosViewModel.h; sourceTree = "<group>"; };
		0DFC96F91E121603001EFDAD /* PhotosViewModel.m */ = {isa = PBXFileReference; fileEncoding = 4; lastKnownFileType = sourcecode.c.objc; name = PhotosViewModel.m; path = ViewModels/PhotosViewModel.m; sourceTree = "<group>"; };
		0DFC96FC1E122171001EFDAD /* MessageManager.h */ = {isa = PBXFileReference; fileEncoding = 4; lastKnownFileType = sourcecode.c.h; name = MessageManager.h; path = Managers/MessageManager/MessageManager.h; sourceTree = "<group>"; };
		0DFC96FD1E122171001EFDAD /* MessageManager.m */ = {isa = PBXFileReference; fileEncoding = 4; lastKnownFileType = sourcecode.c.objc; name = MessageManager.m; path = Managers/MessageManager/MessageManager.m; sourceTree = "<group>"; };
		0DFC96FF1E1221CA001EFDAD /* UIViewController+Navigations.h */ = {isa = PBXFileReference; fileEncoding = 4; lastKnownFileType = sourcecode.c.h; path = "UIViewController+Navigations.h"; sourceTree = "<group>"; };
		0DFC97001E1221CA001EFDAD /* UIViewController+Navigations.m */ = {isa = PBXFileReference; fileEncoding = 4; lastKnownFileType = sourcecode.c.objc; path = "UIViewController+Navigations.m"; sourceTree = "<group>"; };
		0DFC97071E122439001EFDAD /* DemoConstants.h */ = {isa = PBXFileReference; fileEncoding = 4; lastKnownFileType = sourcecode.c.h; name = DemoConstants.h; path = Helpers/DemoConstants.h; sourceTree = "<group>"; };
		0DFC97081E122439001EFDAD /* DemoConstants.m */ = {isa = PBXFileReference; fileEncoding = 4; lastKnownFileType = sourcecode.c.objc; name = DemoConstants.m; path = Helpers/DemoConstants.m; sourceTree = "<group>"; };
		0DFC970A1E1224AE001EFDAD /* MessageManagerProtocol.h */ = {isa = PBXFileReference; fileEncoding = 4; lastKnownFileType = sourcecode.c.h; name = MessageManagerProtocol.h; path = Managers/MessageManager/MessageManagerProtocol.h; sourceTree = "<group>"; };
		1E823D6942BD4948D3833D15 /* Pods-FlickrDemo.release.xcconfig */ = {isa = PBXFileReference; includeInIndex = 1; lastKnownFileType = text.xcconfig; name = "Pods-FlickrDemo.release.xcconfig"; path = "Pods/Target Support Files/Pods-FlickrDemo/Pods-FlickrDemo.release.xcconfig"; sourceTree = "<group>"; };
		40165AD03C992FCC3B7FCB48 /* Pods_FlickrDemoTests.framework */ = {isa = PBXFileReference; explicitFileType = wrapper.framework; includeInIndex = 0; path = Pods_FlickrDemoTests.framework; sourceTree = BUILT_PRODUCTS_DIR; };
		9631C1EB3DD8C92A5C5FE43E /* Pods-FlickrDemoTests.debug.xcconfig */ = {isa = PBXFileReference; includeInIndex = 1; lastKnownFileType = text.xcconfig; name = "Pods-FlickrDemoTests.debug.xcconfig"; path = "Pods/Target Support Files/Pods-FlickrDemoTests/Pods-FlickrDemoTests.debug.xcconfig"; sourceTree = "<group>"; };
		C4B1396BA102517CDA314069 /* Pods-FlickrDemo.debug.xcconfig */ = {isa = PBXFileReference; includeInIndex = 1; lastKnownFileType = text.xcconfig; name = "Pods-FlickrDemo.debug.xcconfig"; path = "Pods/Target Support Files/Pods-FlickrDemo/Pods-FlickrDemo.debug.xcconfig"; sourceTree = "<group>"; };
		F1438C4E3C50B76F12A6178E /* Pods-FlickrDemoTests.release.xcconfig */ = {isa = PBXFileReference; includeInIndex = 1; lastKnownFileType = text.xcconfig; name = "Pods-FlickrDemoTests.release.xcconfig"; path = "Pods/Target Support Files/Pods-FlickrDemoTests/Pods-FlickrDemoTests.release.xcconfig"; sourceTree = "<group>"; };
		F8297A017918F3634F27686F /* Pods_FlickrDemo.framework */ = {isa = PBXFileReference; explicitFileType = wrapper.framework; includeInIndex = 0; path = Pods_FlickrDemo.framework; sourceTree = BUILT_PRODUCTS_DIR; };
/* End PBXFileReference section */

/* Begin PBXFrameworksBuildPhase section */
		0D8AD16F1E10E432008D5CCB /* Frameworks */ = {
			isa = PBXFrameworksBuildPhase;
			buildActionMask = 2147483647;
			files = (
				49D116AB5AEE6331D4C9409B /* Pods_FlickrDemo.framework in Frameworks */,
			);
			runOnlyForDeploymentPostprocessing = 0;
		};
		0D8AD1881E10E433008D5CCB /* Frameworks */ = {
			isa = PBXFrameworksBuildPhase;
			buildActionMask = 2147483647;
			files = (
				A7B9A9DD3147CC7095C82F26 /* Pods_FlickrDemoTests.framework in Frameworks */,
			);
			runOnlyForDeploymentPostprocessing = 0;
		};
		0D8AD1931E10E433008D5CCB /* Frameworks */ = {
			isa = PBXFrameworksBuildPhase;
			buildActionMask = 2147483647;
			files = (
			);
			runOnlyForDeploymentPostprocessing = 0;
		};
/* End PBXFrameworksBuildPhase section */

/* Begin PBXGroup section */
		0D8AD1691E10E432008D5CCB = {
			isa = PBXGroup;
			children = (
				0D8AD1741E10E432008D5CCB /* FlickrDemo */,
				0D8AD18E1E10E433008D5CCB /* FlickrDemoTests */,
				0D8AD1991E10E433008D5CCB /* FlickrDemoUITests */,
				0D8AD1731E10E432008D5CCB /* Products */,
				77FC0A32D708CC4A249C0E74 /* Pods */,
				DE347255B2CB403777D40B9C /* Frameworks */,
			);
			sourceTree = "<group>";
		};
		0D8AD1731E10E432008D5CCB /* Products */ = {
			isa = PBXGroup;
			children = (
				0D8AD1721E10E432008D5CCB /* FlickrDemo.app */,
				0D8AD18B1E10E433008D5CCB /* FlickrDemoTests.xctest */,
				0D8AD1961E10E433008D5CCB /* FlickrDemoUITests.xctest */,
			);
			name = Products;
			sourceTree = "<group>";
		};
		0D8AD1741E10E432008D5CCB /* FlickrDemo */ = {
			isa = PBXGroup;
			children = (
				0DFC96F71E1215AC001EFDAD /* ViewModels */,
				0DFC96E91E11EC49001EFDAD /* ImageCell */,
				0D8AD1B91E10F7D3008D5CCB /* Helpers */,
				0D8AD1B21E10EEB2008D5CCB /* Models */,
				0D8AD1AB1E10E4AF008D5CCB /* Managers */,
				0D8AD1781E10E432008D5CCB /* AppDelegate.h */,
				0D8AD1791E10E432008D5CCB /* AppDelegate.m */,
				0D8AD17B1E10E432008D5CCB /* ViewController.h */,
				0D8AD17C1E10E432008D5CCB /* ViewController.m */,
				0D8AD17E1E10E432008D5CCB /* Main.storyboard */,
				0D8AD1811E10E432008D5CCB /* Assets.xcassets */,
				0D8AD1831E10E433008D5CCB /* LaunchScreen.storyboard */,
				0D8AD1861E10E433008D5CCB /* Info.plist */,
				0D8AD1751E10E432008D5CCB /* Supporting Files */,
			);
			path = FlickrDemo;
			sourceTree = "<group>";
		};
		0D8AD1751E10E432008D5CCB /* Supporting Files */ = {
			isa = PBXGroup;
			children = (
				0D8AD1761E10E432008D5CCB /* main.m */,
			);
			name = "Supporting Files";
			sourceTree = "<group>";
		};
		0D8AD18E1E10E433008D5CCB /* FlickrDemoTests */ = {
			isa = PBXGroup;
			children = (
				0D8AD18F1E10E433008D5CCB /* FlickrDemoTests.m */,
				0D8AD1911E10E433008D5CCB /* Info.plist */,
			);
			path = FlickrDemoTests;
			sourceTree = "<group>";
		};
		0D8AD1991E10E433008D5CCB /* FlickrDemoUITests */ = {
			isa = PBXGroup;
			children = (
				0D8AD19A1E10E433008D5CCB /* FlickrDemoUITests.m */,
				0D8AD19C1E10E433008D5CCB /* Info.plist */,
			);
			path = FlickrDemoUITests;
			sourceTree = "<group>";
		};
		0D8AD1AB1E10E4AF008D5CCB /* Managers */ = {
			isa = PBXGroup;
			children = (
				0DFC96FB1E122131001EFDAD /* MessageManager */,
				0D8AD1AF1E10E510008D5CCB /* Network */,
			);
			name = Managers;
			sourceTree = "<group>";
		};
		0D8AD1AF1E10E510008D5CCB /* Network */ = {
			isa = PBXGroup;
			children = (
				0D8AD1B01E10E535008D5CCB /* Protocol */,
				0D8AD1A81E10E4A8008D5CCB /* ApiClient.h */,
				0D8AD1A91E10E4A8008D5CCB /* ApiClient.m */,
				0D8AD1AC1E10E50C008D5CCB /* FlickrNetworkService.h */,
				0D8AD1AD1E10E50C008D5CCB /* FlickrNetworkService.m */,
				0D8AD1B61E10F322008D5CCB /* FlickrImageParser.h */,
				0D8AD1B71E10F322008D5CCB /* FlickrImageParser.m */,
			);
			name = Network;
			sourceTree = "<group>";
		};
		0D8AD1B01E10E535008D5CCB /* Protocol */ = {
			isa = PBXGroup;
			children = (
				0DFC96EF1E11FE02001EFDAD /* FlickrNetworkServiceProtocol.h */,
				0DFC96F01E1203EB001EFDAD /* ApiClientProtocol.h */,
			);
			name = Protocol;
			sourceTree = "<group>";
		};
		0D8AD1B21E10EEB2008D5CCB /* Models */ = {
			isa = PBXGroup;
			children = (
				0D8AD1B31E10EECF008D5CCB /* FlickrImage.h */,
				0D8AD1B41E10EECF008D5CCB /* FlickrImage.m */,
			);
			name = Models;
			sourceTree = "<group>";
		};
		0D8AD1B91E10F7D3008D5CCB /* Helpers */ = {
			isa = PBXGroup;
			children = (
				0DFC96FF1E1221CA001EFDAD /* UIViewController+Navigations.h */,
				0DFC97001E1221CA001EFDAD /* UIViewController+Navigations.m */,
				0D8AD1BD1E10F7FA008D5CCB /* Utils.h */,
				0D8AD1BE1E10F7FA008D5CCB /* Utils.m */,
				0DFC97071E122439001EFDAD /* DemoConstants.h */,
				0DFC97081E122439001EFDAD /* DemoConstants.m */,
			);
			name = Helpers;
			sourceTree = "<group>";
		};
		0DFC96E91E11EC49001EFDAD /* ImageCell */ = {
			isa = PBXGroup;
			children = (
				0DFC96EA1E11EC6D001EFDAD /* ImageCell.h */,
				0DFC96EB1E11EC6D001EFDAD /* ImageCell.m */,
			);
			name = ImageCell;
			sourceTree = "<group>";
		};
		0DFC96F71E1215AC001EFDAD /* ViewModels */ = {
			isa = PBXGroup;
			children = (
				0DFC96F81E121603001EFDAD /* PhotosViewModel.h */,
				0DFC96F91E121603001EFDAD /* PhotosViewModel.m */,
			);
			name = ViewModels;
			sourceTree = "<group>";
		};
		0DFC96FB1E122131001EFDAD /* MessageManager */ = {
			isa = PBXGroup;
			children = (
				0DFC96FC1E122171001EFDAD /* MessageManager.h */,
				0DFC96FD1E122171001EFDAD /* MessageManager.m */,
				0DFC970A1E1224AE001EFDAD /* MessageManagerProtocol.h */,
			);
			name = MessageManager;
			sourceTree = "<group>";
		};
		77FC0A32D708CC4A249C0E74 /* Pods */ = {
			isa = PBXGroup;
			children = (
				C4B1396BA102517CDA314069 /* Pods-FlickrDemo.debug.xcconfig */,
				1E823D6942BD4948D3833D15 /* Pods-FlickrDemo.release.xcconfig */,
				9631C1EB3DD8C92A5C5FE43E /* Pods-FlickrDemoTests.debug.xcconfig */,
				F1438C4E3C50B76F12A6178E /* Pods-FlickrDemoTests.release.xcconfig */,
			);
			name = Pods;
			sourceTree = "<group>";
		};
		DE347255B2CB403777D40B9C /* Frameworks */ = {
			isa = PBXGroup;
			children = (
				F8297A017918F3634F27686F /* Pods_FlickrDemo.framework */,
				40165AD03C992FCC3B7FCB48 /* Pods_FlickrDemoTests.framework */,
			);
			name = Frameworks;
			sourceTree = "<group>";
		};
/* End PBXGroup section */

/* Begin PBXNativeTarget section */
		0D8AD1711E10E432008D5CCB /* FlickrDemo */ = {
			isa = PBXNativeTarget;
			buildConfigurationList = 0D8AD19F1E10E433008D5CCB /* Build configuration list for PBXNativeTarget "FlickrDemo" */;
			buildPhases = (
				24620E0F57B7D30066D58F73 /* [CP] Check Pods Manifest.lock */,
				0D8AD16E1E10E432008D5CCB /* Sources */,
				0D8AD16F1E10E432008D5CCB /* Frameworks */,
				0D8AD1701E10E432008D5CCB /* Resources */,
				2126FDD7F48AABD8CE8F3656 /* [CP] Embed Pods Frameworks */,
				2B5EEC7E9A88092343B78225 /* [CP] Copy Pods Resources */,
			);
			buildRules = (
			);
			dependencies = (
			);
			name = FlickrDemo;
			productName = FlickrDemo;
			productReference = 0D8AD1721E10E432008D5CCB /* FlickrDemo.app */;
			productType = "com.apple.product-type.application";
		};
		0D8AD18A1E10E433008D5CCB /* FlickrDemoTests */ = {
			isa = PBXNativeTarget;
			buildConfigurationList = 0D8AD1A21E10E433008D5CCB /* Build configuration list for PBXNativeTarget "FlickrDemoTests" */;
			buildPhases = (
				76173DCD8D80436EB38E9440 /* [CP] Check Pods Manifest.lock */,
				0D8AD1871E10E433008D5CCB /* Sources */,
				0D8AD1881E10E433008D5CCB /* Frameworks */,
				0D8AD1891E10E433008D5CCB /* Resources */,
				88F099BCB3AD10F6B774C21B /* [CP] Embed Pods Frameworks */,
				45FA21C2DB7C9DD905766D51 /* [CP] Copy Pods Resources */,
			);
			buildRules = (
			);
			dependencies = (
				0D8AD18D1E10E433008D5CCB /* PBXTargetDependency */,
			);
			name = FlickrDemoTests;
			productName = FlickrDemoTests;
			productReference = 0D8AD18B1E10E433008D5CCB /* FlickrDemoTests.xctest */;
			productType = "com.apple.product-type.bundle.unit-test";
		};
		0D8AD1951E10E433008D5CCB /* FlickrDemoUITests */ = {
			isa = PBXNativeTarget;
			buildConfigurationList = 0D8AD1A51E10E433008D5CCB /* Build configuration list for PBXNativeTarget "FlickrDemoUITests" */;
			buildPhases = (
				0D8AD1921E10E433008D5CCB /* Sources */,
				0D8AD1931E10E433008D5CCB /* Frameworks */,
				0D8AD1941E10E433008D5CCB /* Resources */,
			);
			buildRules = (
			);
			dependencies = (
				0D8AD1981E10E433008D5CCB /* PBXTargetDependency */,
			);
			name = FlickrDemoUITests;
			productName = FlickrDemoUITests;
			productReference = 0D8AD1961E10E433008D5CCB /* FlickrDemoUITests.xctest */;
			productType = "com.apple.product-type.bundle.ui-testing";
		};
/* End PBXNativeTarget section */

/* Begin PBXProject section */
		0D8AD16A1E10E432008D5CCB /* Project object */ = {
			isa = PBXProject;
			attributes = {
				LastUpgradeCheck = 0820;
				ORGANIZATIONNAME = "Sida Wang";
				TargetAttributes = {
					0D8AD1711E10E432008D5CCB = {
						CreatedOnToolsVersion = 8.2.1;
						DevelopmentTeam = 9MKJC68VMT;
						ProvisioningStyle = Automatic;
					};
					0D8AD18A1E10E433008D5CCB = {
						CreatedOnToolsVersion = 8.2.1;
						DevelopmentTeam = 9MKJC68VMT;
						ProvisioningStyle = Automatic;
						TestTargetID = 0D8AD1711E10E432008D5CCB;
					};
					0D8AD1951E10E433008D5CCB = {
						CreatedOnToolsVersion = 8.2.1;
						DevelopmentTeam = 9MKJC68VMT;
						ProvisioningStyle = Automatic;
						TestTargetID = 0D8AD1711E10E432008D5CCB;
					};
				};
			};
			buildConfigurationList = 0D8AD16D1E10E432008D5CCB /* Build configuration list for PBXProject "FlickrDemo" */;
			compatibilityVersion = "Xcode 3.2";
			developmentRegion = English;
			hasScannedForEncodings = 0;
			knownRegions = (
				en,
				Base,
			);
			mainGroup = 0D8AD1691E10E432008D5CCB;
			productRefGroup = 0D8AD1731E10E432008D5CCB /* Products */;
			projectDirPath = "";
			projectRoot = "";
			targets = (
				0D8AD1711E10E432008D5CCB /* FlickrDemo */,
				0D8AD18A1E10E433008D5CCB /* FlickrDemoTests */,
				0D8AD1951E10E433008D5CCB /* FlickrDemoUITests */,
			);
		};
/* End PBXProject section */

/* Begin PBXResourcesBuildPhase section */
		0D8AD1701E10E432008D5CCB /* Resources */ = {
			isa = PBXResourcesBuildPhase;
			buildActionMask = 2147483647;
			files = (
				0D8AD1851E10E433008D5CCB /* LaunchScreen.storyboard in Resources */,
				0D8AD1821E10E432008D5CCB /* Assets.xcassets in Resources */,
				0D8AD1801E10E432008D5CCB /* Main.storyboard in Resources */,
			);
			runOnlyForDeploymentPostprocessing = 0;
		};
		0D8AD1891E10E433008D5CCB /* Resources */ = {
			isa = PBXResourcesBuildPhase;
			buildActionMask = 2147483647;
			files = (
			);
			runOnlyForDeploymentPostprocessing = 0;
		};
		0D8AD1941E10E433008D5CCB /* Resources */ = {
			isa = PBXResourcesBuildPhase;
			buildActionMask = 2147483647;
			files = (
			);
			runOnlyForDeploymentPostprocessing = 0;
		};
/* End PBXResourcesBuildPhase section */

/* Begin PBXShellScriptBuildPhase section */
		2126FDD7F48AABD8CE8F3656 /* [CP] Embed Pods Frameworks */ = {
			isa = PBXShellScriptBuildPhase;
			buildActionMask = 2147483647;
			files = (
			);
			inputPaths = (
			);
			name = "[CP] Embed Pods Frameworks";
			outputPaths = (
			);
			runOnlyForDeploymentPostprocessing = 0;
			shellPath = /bin/sh;
			shellScript = "\"${SRCROOT}/Pods/Target Support Files/Pods-FlickrDemo/Pods-FlickrDemo-frameworks.sh\"\n";
			showEnvVarsInLog = 0;
		};
		24620E0F57B7D30066D58F73 /* [CP] Check Pods Manifest.lock */ = {
			isa = PBXShellScriptBuildPhase;
			buildActionMask = 2147483647;
			files = (
			);
			inputPaths = (
			);
			name = "[CP] Check Pods Manifest.lock";
			outputPaths = (
			);
			runOnlyForDeploymentPostprocessing = 0;
			shellPath = /bin/sh;
			shellScript = "diff \"${PODS_ROOT}/../Podfile.lock\" \"${PODS_ROOT}/Manifest.lock\" > /dev/null\nif [ $? != 0 ] ; then\n    # print error to STDERR\n    echo \"error: The sandbox is not in sync with the Podfile.lock. Run 'pod install' or update your CocoaPods installation.\" >&2\n    exit 1\nfi\n";
			showEnvVarsInLog = 0;
		};
		2B5EEC7E9A88092343B78225 /* [CP] Copy Pods Resources */ = {
			isa = PBXShellScriptBuildPhase;
			buildActionMask = 2147483647;
			files = (
			);
			inputPaths = (
			);
			name = "[CP] Copy Pods Resources";
			outputPaths = (
			);
			runOnlyForDeploymentPostprocessing = 0;
			shellPath = /bin/sh;
			shellScript = "\"${SRCROOT}/Pods/Target Support Files/Pods-FlickrDemo/Pods-FlickrDemo-resources.sh\"\n";
			showEnvVarsInLog = 0;
		};
		45FA21C2DB7C9DD905766D51 /* [CP] Copy Pods Resources */ = {
			isa = PBXShellScriptBuildPhase;
			buildActionMask = 2147483647;
			files = (
			);
			inputPaths = (
			);
			name = "[CP] Copy Pods Resources";
			outputPaths = (
			);
			runOnlyForDeploymentPostprocessing = 0;
			shellPath = /bin/sh;
			shellScript = "\"${SRCROOT}/Pods/Target Support Files/Pods-FlickrDemoTests/Pods-FlickrDemoTests-resources.sh\"\n";
			showEnvVarsInLog = 0;
		};
		76173DCD8D80436EB38E9440 /* [CP] Check Pods Manifest.lock */ = {
			isa = PBXShellScriptBuildPhase;
			buildActionMask = 2147483647;
			files = (
			);
			inputPaths = (
			);
			name = "[CP] Check Pods Manifest.lock";
			outputPaths = (
			);
			runOnlyForDeploymentPostprocessing = 0;
			shellPath = /bin/sh;
			shellScript = "diff \"${PODS_ROOT}/../Podfile.lock\" \"${PODS_ROOT}/Manifest.lock\" > /dev/null\nif [ $? != 0 ] ; then\n    # print error to STDERR\n    echo \"error: The sandbox is not in sync with the Podfile.lock. Run 'pod install' or update your CocoaPods installation.\" >&2\n    exit 1\nfi\n";
			showEnvVarsInLog = 0;
		};
		88F099BCB3AD10F6B774C21B /* [CP] Embed Pods Frameworks */ = {
			isa = PBXShellScriptBuildPhase;
			buildActionMask = 2147483647;
			files = (
			);
			inputPaths = (
			);
			name = "[CP] Embed Pods Frameworks";
			outputPaths = (
			);
			runOnlyForDeploymentPostprocessing = 0;
			shellPath = /bin/sh;
			shellScript = "\"${SRCROOT}/Pods/Target Support Files/Pods-FlickrDemoTests/Pods-FlickrDemoTests-frameworks.sh\"\n";
			showEnvVarsInLog = 0;
		};
/* End PBXShellScriptBuildPhase section */

/* Begin PBXSourcesBuildPhase section */
		0D8AD16E1E10E432008D5CCB /* Sources */ = {
			isa = PBXSourcesBuildPhase;
			buildActionMask = 2147483647;
			files = (
				0D8AD1B51E10EECF008D5CCB /* FlickrImage.m in Sources */,
				0D8AD17D1E10E432008D5CCB /* ViewController.m in Sources */,
				0DFC97091E122439001EFDAD /* DemoConstants.m in Sources */,
				0D8AD17A1E10E432008D5CCB /* AppDelegate.m in Sources */,
				0D8AD1BF1E10F7FA008D5CCB /* Utils.m in Sources */,
				0DFC97011E1221CA001EFDAD /* UIViewController+Navigations.m in Sources */,
				0D8AD1771E10E432008D5CCB /* main.m in Sources */,
				0D8AD1B81E10F322008D5CCB /* FlickrImageParser.m in Sources */,
				0D8AD1AA1E10E4A8008D5CCB /* ApiClient.m in Sources */,
				0DFC96EC1E11EC6D001EFDAD /* ImageCell.m in Sources */,
				0D8AD1AE1E10E50C008D5CCB /* FlickrNetworkService.m in Sources */,
				0DFC96FE1E122171001EFDAD /* MessageManager.m in Sources */,
				0DFC96FA1E121603001EFDAD /* PhotosViewModel.m in Sources */,
			);
			runOnlyForDeploymentPostprocessing = 0;
		};
		0D8AD1871E10E433008D5CCB /* Sources */ = {
			isa = PBXSourcesBuildPhase;
			buildActionMask = 2147483647;
			files = (
				0D8AD1901E10E433008D5CCB /* FlickrDemoTests.m in Sources */,
			);
			runOnlyForDeploymentPostprocessing = 0;
		};
		0D8AD1921E10E433008D5CCB /* Sources */ = {
			isa = PBXSourcesBuildPhase;
			buildActionMask = 2147483647;
			files = (
				0D8AD19B1E10E433008D5CCB /* FlickrDemoUITests.m in Sources */,
			);
			runOnlyForDeploymentPostprocessing = 0;
		};
/* End PBXSourcesBuildPhase section */

/* Begin PBXTargetDependency section */
		0D8AD18D1E10E433008D5CCB /* PBXTargetDependency */ = {
			isa = PBXTargetDependency;
			target = 0D8AD1711E10E432008D5CCB /* FlickrDemo */;
			targetProxy = 0D8AD18C1E10E433008D5CCB /* PBXContainerItemProxy */;
		};
		0D8AD1981E10E433008D5CCB /* PBXTargetDependency */ = {
			isa = PBXTargetDependency;
			target = 0D8AD1711E10E432008D5CCB /* FlickrDemo */;
			targetProxy = 0D8AD1971E10E433008D5CCB /* PBXContainerItemProxy */;
		};
/* End PBXTargetDependency section */

/* Begin PBXVariantGroup section */
		0D8AD17E1E10E432008D5CCB /* Main.storyboard */ = {
			isa = PBXVariantGroup;
			children = (
				0D8AD17F1E10E432008D5CCB /* Base */,
			);
			name = Main.storyboard;
			sourceTree = "<group>";
		};
		0D8AD1831E10E433008D5CCB /* LaunchScreen.storyboard */ = {
			isa = PBXVariantGroup;
			children = (
				0D8AD1841E10E433008D5CCB /* Base */,
			);
			name = LaunchScreen.storyboard;
			sourceTree = "<group>";
		};
/* End PBXVariantGroup section */

/* Begin XCBuildConfiguration section */
		0D8AD19D1E10E433008D5CCB /* Debug */ = {
			isa = XCBuildConfiguration;
			buildSettings = {
				ALWAYS_SEARCH_USER_PATHS = NO;
				CLANG_ANALYZER_NONNULL = YES;
				CLANG_CXX_LANGUAGE_STANDARD = "gnu++0x";
				CLANG_CXX_LIBRARY = "libc++";
				CLANG_ENABLE_MODULES = YES;
				CLANG_ENABLE_OBJC_ARC = YES;
				CLANG_WARN_BOOL_CONVERSION = YES;
				CLANG_WARN_CONSTANT_CONVERSION = YES;
				CLANG_WARN_DIRECT_OBJC_ISA_USAGE = YES_ERROR;
				CLANG_WARN_DOCUMENTATION_COMMENTS = YES;
				CLANG_WARN_EMPTY_BODY = YES;
				CLANG_WARN_ENUM_CONVERSION = YES;
				CLANG_WARN_INFINITE_RECURSION = YES;
				CLANG_WARN_INT_CONVERSION = YES;
				CLANG_WARN_OBJC_ROOT_CLASS = YES_ERROR;
				CLANG_WARN_SUSPICIOUS_MOVE = YES;
				CLANG_WARN_UNREACHABLE_CODE = YES;
				CLANG_WARN__DUPLICATE_METHOD_MATCH = YES;
				"CODE_SIGN_IDENTITY[sdk=iphoneos*]" = "iPhone Developer";
				COPY_PHASE_STRIP = NO;
				DEBUG_INFORMATION_FORMAT = dwarf;
				ENABLE_STRICT_OBJC_MSGSEND = YES;
				ENABLE_TESTABILITY = YES;
				GCC_C_LANGUAGE_STANDARD = gnu99;
				GCC_DYNAMIC_NO_PIC = NO;
				GCC_NO_COMMON_BLOCKS = YES;
				GCC_OPTIMIZATION_LEVEL = 0;
				GCC_PREPROCESSOR_DEFINITIONS = (
					"DEBUG=1",
					"$(inherited)",
				);
				GCC_WARN_64_TO_32_BIT_CONVERSION = YES;
				GCC_WARN_ABOUT_RETURN_TYPE = YES_ERROR;
				GCC_WARN_UNDECLARED_SELECTOR = YES;
				GCC_WARN_UNINITIALIZED_AUTOS = YES_AGGRESSIVE;
				GCC_WARN_UNUSED_FUNCTION = YES;
				GCC_WARN_UNUSED_VARIABLE = YES;
				IPHONEOS_DEPLOYMENT_TARGET = 10.2;
				MTL_ENABLE_DEBUG_INFO = YES;
				ONLY_ACTIVE_ARCH = YES;
				SDKROOT = iphoneos;
				TARGETED_DEVICE_FAMILY = "1,2";
			};
			name = Debug;
		};
		0D8AD19E1E10E433008D5CCB /* Release */ = {
			isa = XCBuildConfiguration;
			buildSettings = {
				ALWAYS_SEARCH_USER_PATHS = NO;
				CLANG_ANALYZER_NONNULL = YES;
				CLANG_CXX_LANGUAGE_STANDARD = "gnu++0x";
				CLANG_CXX_LIBRARY = "libc++";
				CLANG_ENABLE_MODULES = YES;
				CLANG_ENABLE_OBJC_ARC = YES;
				CLANG_WARN_BOOL_CONVERSION = YES;
				CLANG_WARN_CONSTANT_CONVERSION = YES;
				CLANG_WARN_DIRECT_OBJC_ISA_USAGE = YES_ERROR;
				CLANG_WARN_DOCUMENTATION_COMMENTS = YES;
				CLANG_WARN_EMPTY_BODY = YES;
				CLANG_WARN_ENUM_CONVERSION = YES;
				CLANG_WARN_INFINITE_RECURSION = YES;
				CLANG_WARN_INT_CONVERSION = YES;
				CLANG_WARN_OBJC_ROOT_CLASS = YES_ERROR;
				CLANG_WARN_SUSPICIOUS_MOVE = YES;
				CLANG_WARN_UNREACHABLE_CODE = YES;
				CLANG_WARN__DUPLICATE_METHOD_MATCH = YES;
				"CODE_SIGN_IDENTITY[sdk=iphoneos*]" = "iPhone Developer";
				COPY_PHASE_STRIP = NO;
				DEBUG_INFORMATION_FORMAT = "dwarf-with-dsym";
				ENABLE_NS_ASSERTIONS = NO;
				ENABLE_STRICT_OBJC_MSGSEND = YES;
				GCC_C_LANGUAGE_STANDARD = gnu99;
				GCC_NO_COMMON_BLOCKS = YES;
				GCC_WARN_64_TO_32_BIT_CONVERSION = YES;
				GCC_WARN_ABOUT_RETURN_TYPE = YES_ERROR;
				GCC_WARN_UNDECLARED_SELECTOR = YES;
				GCC_WARN_UNINITIALIZED_AUTOS = YES_AGGRESSIVE;
				GCC_WARN_UNUSED_FUNCTION = YES;
				GCC_WARN_UNUSED_VARIABLE = YES;
				IPHONEOS_DEPLOYMENT_TARGET = 10.2;
				MTL_ENABLE_DEBUG_INFO = NO;
				SDKROOT = iphoneos;
				TARGETED_DEVICE_FAMILY = "1,2";
				VALIDATE_PRODUCT = YES;
			};
			name = Release;
		};
		0D8AD1A01E10E433008D5CCB /* Debug */ = {
			isa = XCBuildConfiguration;
			baseConfigurationReference = C4B1396BA102517CDA314069 /* Pods-FlickrDemo.debug.xcconfig */;
			buildSettings = {
				ASSETCATALOG_COMPILER_APPICON_NAME = AppIcon;
				DEVELOPMENT_TEAM = 9MKJC68VMT;
				INFOPLIST_FILE = FlickrDemo/Info.plist;
				LD_RUNPATH_SEARCH_PATHS = "$(inherited) @executable_path/Frameworks";
				PRODUCT_BUNDLE_IDENTIFIER = com.maxsida.FlickrDemo;
				PRODUCT_NAME = "$(TARGET_NAME)";
			};
			name = Debug;
		};
		0D8AD1A11E10E433008D5CCB /* Release */ = {
			isa = XCBuildConfiguration;
			baseConfigurationReference = 1E823D6942BD4948D3833D15 /* Pods-FlickrDemo.release.xcconfig */;
			buildSettings = {
				ASSETCATALOG_COMPILER_APPICON_NAME = AppIcon;
				DEVELOPMENT_TEAM = 9MKJC68VMT;
				INFOPLIST_FILE = FlickrDemo/Info.plist;
				LD_RUNPATH_SEARCH_PATHS = "$(inherited) @executable_path/Frameworks";
				PRODUCT_BUNDLE_IDENTIFIER = com.maxsida.FlickrDemo;
				PRODUCT_NAME = "$(TARGET_NAME)";
			};
			name = Release;
		};
		0D8AD1A31E10E433008D5CCB /* Debug */ = {
			isa = XCBuildConfiguration;
			baseConfigurationReference = 9631C1EB3DD8C92A5C5FE43E /* Pods-FlickrDemoTests.debug.xcconfig */;
			buildSettings = {
				BUNDLE_LOADER = "$(TEST_HOST)";
				DEVELOPMENT_TEAM = 9MKJC68VMT;
				INFOPLIST_FILE = FlickrDemoTests/Info.plist;
				LD_RUNPATH_SEARCH_PATHS = "$(inherited) @executable_path/Frameworks @loader_path/Frameworks";
				PRODUCT_BUNDLE_IDENTIFIER = com.maxsida.FlickrDemoTests;
				PRODUCT_NAME = "$(TARGET_NAME)";
				TEST_HOST = "$(BUILT_PRODUCTS_DIR)/FlickrDemo.app/FlickrDemo";
			};
			name = Debug;
		};
		0D8AD1A41E10E433008D5CCB /* Release */ = {
			isa = XCBuildConfiguration;
			baseConfigurationReference = F1438C4E3C50B76F12A6178E /* Pods-FlickrDemoTests.release.xcconfig */;
			buildSettings = {
				BUNDLE_LOADER = "$(TEST_HOST)";
				DEVELOPMENT_TEAM = 9MKJC68VMT;
				INFOPLIST_FILE = FlickrDemoTests/Info.plist;
				LD_RUNPATH_SEARCH_PATHS = "$(inherited) @executable_path/Frameworks @loader_path/Frameworks";
				PRODUCT_BUNDLE_IDENTIFIER = com.maxsida.FlickrDemoTests;
				PRODUCT_NAME = "$(TARGET_NAME)";
				TEST_HOST = "$(BUILT_PRODUCTS_DIR)/FlickrDemo.app/FlickrDemo";
			};
			name = Release;
		};
		0D8AD1A61E10E433008D5CCB /* Debug */ = {
			isa = XCBuildConfiguration;
			buildSettings = {
				DEVELOPMENT_TEAM = 9MKJC68VMT;
				INFOPLIST_FILE = FlickrDemoUITests/Info.plist;
				LD_RUNPATH_SEARCH_PATHS = "$(inherited) @executable_path/Frameworks @loader_path/Frameworks";
				PRODUCT_BUNDLE_IDENTIFIER = com.maxsida.FlickrDemoUITests;
				PRODUCT_NAME = "$(TARGET_NAME)";
				TEST_TARGET_NAME = FlickrDemo;
			};
			name = Debug;
		};
		0D8AD1A71E10E433008D5CCB /* Release */ = {
			isa = XCBuildConfiguration;
			buildSettings = {
				DEVELOPMENT_TEAM = 9MKJC68VMT;
				INFOPLIST_FILE = FlickrDemoUITests/Info.plist;
				LD_RUNPATH_SEARCH_PATHS = "$(inherited) @executable_path/Frameworks @loader_path/Frameworks";
				PRODUCT_BUNDLE_IDENTIFIER = com.maxsida.FlickrDemoUITests;
				PRODUCT_NAME = "$(TARGET_NAME)";
				TEST_TARGET_NAME = FlickrDemo;
			};
			name = Release;
		};
/* End XCBuildConfiguration section */

/* Begin XCConfigurationList section */
		0D8AD16D1E10E432008D5CCB /* Build configuration list for PBXProject "FlickrDemo" */ = {
			isa = XCConfigurationList;
			buildConfigurations = (
				0D8AD19D1E10E433008D5CCB /* Debug */,
				0D8AD19E1E10E433008D5CCB /* Release */,
			);
			defaultConfigurationIsVisible = 0;
			defaultConfigurationName = Release;
		};
		0D8AD19F1E10E433008D5CCB /* Build configuration list for PBXNativeTarget "FlickrDemo" */ = {
			isa = XCConfigurationList;
			buildConfigurations = (
				0D8AD1A01E10E433008D5CCB /* Debug */,
				0D8AD1A11E10E433008D5CCB /* Release */,
			);
			defaultConfigurationIsVisible = 0;
			defaultConfigurationName = Release;
		};
		0D8AD1A21E10E433008D5CCB /* Build configuration list for PBXNativeTarget "FlickrDemoTests" */ = {
			isa = XCConfigurationList;
			buildConfigurations = (
				0D8AD1A31E10E433008D5CCB /* Debug */,
				0D8AD1A41E10E433008D5CCB /* Release */,
			);
			defaultConfigurationIsVisible = 0;
			defaultConfigurationName = Release;
		};
		0D8AD1A51E10E433008D5CCB /* Build configuration list for PBXNativeTarget "FlickrDemoUITests" */ = {
			isa = XCConfigurationList;
			buildConfigurations = (
				0D8AD1A61E10E433008D5CCB /* Debug */,
				0D8AD1A71E10E433008D5CCB /* Release */,
			);
			defaultConfigurationIsVisible = 0;
			defaultConfigurationName = Release;
		};
/* End XCConfigurationList section */
	};
	rootObject = 0D8AD16A1E10E432008D5CCB /* Project object */;
}
